
Microsoft Visual Studio Solution File, Format Version 12.00
Project("{FAE04EC0-301F-11D3-BF4B-00C04F79EFBC}") = "FeatureFlipping", "FeatureFlipping\FeatureFlipping\FeatureFlipping.csproj", "{A018382A-BCFC-4E2D-A66C-96D458F8372F}"
EndProject
Project("{FAE04EC0-301F-11D3-BF4B-00C04F79EFBC}") = "FeatureFlipping.Client", "FeatureFlipping\FeatureFlipping.Client\FeatureFlipping.Client.csproj", "{9C28548A-8A82-460B-BE2F-D0477C603EA2}"
EndProject
Project("{FAE04EC0-301F-11D3-BF4B-00C04F79EFBC}") = "Shared", "Shared\Shared.csproj", "{585852FE-93C8-436A-9DA5-40E29CE3265B}"
EndProject
Global
	GlobalSection(SolutionConfigurationPlatforms) = preSolution
		Debug|Any CPU = Debug|Any CPU
		Release|Any CPU = Release|Any CPU
	EndGlobalSection
	GlobalSection(ProjectConfigurationPlatforms) = postSolution
		{A018382A-BCFC-4E2D-A66C-96D458F8372F}.Debug|Any CPU.ActiveCfg = Debug|Any CPU
		{A018382A-BCFC-4E2D-A66C-96D458F8372F}.Debug|Any CPU.Build.0 = Debug|Any CPU
		{A018382A-BCFC-4E2D-A66C-96D458F8372F}.Release|Any CPU.ActiveCfg = Release|Any CPU
		{A018382A-BCFC-4E2D-A66C-96D458F8372F}.Release|Any CPU.Build.0 = Release|Any CPU
		{9C28548A-8A82-460B-BE2F-D0477C603EA2}.Debug|Any CPU.ActiveCfg = Debug|Any CPU
		{9C28548A-8A82-460B-BE2F-D0477C603EA2}.Debug|Any CPU.Build.0 = Debug|Any CPU
		{9C28548A-8A82-460B-BE2F-D0477C603EA2}.Release|Any CPU.ActiveCfg = Release|Any CPU
		{9C28548A-8A82-460B-BE2F-D0477C603EA2}.Release|Any CPU.Build.0 = Release|Any CPU
		{585852FE-93C8-436A-9DA5-40E29CE3265B}.Debug|Any CPU.ActiveCfg = Debug|Any CPU
		{585852FE-93C8-436A-9DA5-40E29CE3265B}.Debug|Any CPU.Build.0 = Debug|Any CPU
		{585852FE-93C8-436A-9DA5-40E29CE3265B}.Release|Any CPU.ActiveCfg = Release|Any CPU
		{585852FE-93C8-436A-9DA5-40E29CE3265B}.Release|Any CPU.Build.0 = Release|Any CPU
	EndGlobalSection
EndGlobal
